
Microsoft Visual Studio Solution File, Format Version 12.00
# Visual Studio Version 17
VisualStudioVersion = 17.1.32210.238
MinimumVisualStudioVersion = 10.0.40219.1
Project("{9A19103F-16F7-4668-BE54-9A1E7A4F7556}") = "WebRestaurant", "WebRestaurant\WebRestaurant.csproj", "{AE58CBD0-1471-4F44-BADE-88B523CADB62}"
EndProject
Project("{FAE04EC0-301F-11D3-BF4B-00C04F79EFBC}") = "Restaurant.DataAccess", "Restaurant.DataAccess\Restaurant.DataAccess.csproj", "{181D805C-0B3C-4DBD-9FAB-8293C96EEB7E}"
EndProject
Project("{FAE04EC0-301F-11D3-BF4B-00C04F79EFBC}") = "Restaurant.Models", "Restaurant.Models\Restaurant.Models.csproj", "{8F074F1C-A8A6-40C7-B287-7E8062DDBE46}"
EndProject
Project("{FAE04EC0-301F-11D3-BF4B-00C04F79EFBC}") = "Restaurant.Utility", "Restaurant.Utility\Restaurant.Utility.csproj", "{7787310D-19CC-43B4-B1D3-01207CC03EA6}"
EndProject
Global
	GlobalSection(SolutionConfigurationPlatforms) = preSolution
		Debug|Any CPU = Debug|Any CPU
		Release|Any CPU = Release|Any CPU
	EndGlobalSection
	GlobalSection(ProjectConfigurationPlatforms) = postSolution
		{AE58CBD0-1471-4F44-BADE-88B523CADB62}.Debug|Any CPU.ActiveCfg = Debug|Any CPU
		{AE58CBD0-1471-4F44-BADE-88B523CADB62}.Debug|Any CPU.Build.0 = Debug|Any CPU
		{AE58CBD0-1471-4F44-BADE-88B523CADB62}.Release|Any CPU.ActiveCfg = Release|Any CPU
		{AE58CBD0-1471-4F44-BADE-88B523CADB62}.Release|Any CPU.Build.0 = Release|Any CPU
		{181D805C-0B3C-4DBD-9FAB-8293C96EEB7E}.Debug|Any CPU.ActiveCfg = Debug|Any CPU
		{181D805C-0B3C-4DBD-9FAB-8293C96EEB7E}.Debug|Any CPU.Build.0 = Debug|Any CPU
		{181D805C-0B3C-4DBD-9FAB-8293C96EEB7E}.Release|Any CPU.ActiveCfg = Release|Any CPU
		{181D805C-0B3C-4DBD-9FAB-8293C96EEB7E}.Release|Any CPU.Build.0 = Release|Any CPU
		{8F074F1C-A8A6-40C7-B287-7E8062DDBE46}.Debug|Any CPU.ActiveCfg = Debug|Any CPU
		{8F074F1C-A8A6-40C7-B287-7E8062DDBE46}.Debug|Any CPU.Build.0 = Debug|Any CPU
		{8F074F1C-A8A6-40C7-B287-7E8062DDBE46}.Release|Any CPU.ActiveCfg = Release|Any CPU
		{8F074F1C-A8A6-40C7-B287-7E8062DDBE46}.Release|Any CPU.Build.0 = Release|Any CPU
		{7787310D-19CC-43B4-B1D3-01207CC03EA6}.Debug|Any CPU.ActiveCfg = Debug|Any CPU
		{7787310D-19CC-43B4-B1D3-01207CC03EA6}.Debug|Any CPU.Build.0 = Debug|Any CPU
		{7787310D-19CC-43B4-B1D3-01207CC03EA6}.Release|Any CPU.ActiveCfg = Release|Any CPU
		{7787310D-19CC-43B4-B1D3-01207CC03EA6}.Release|Any CPU.Build.0 = Release|Any CPU
	EndGlobalSection
	GlobalSection(SolutionProperties) = preSolution
		HideSolutionNode = FALSE
	EndGlobalSection
	GlobalSection(ExtensibilityGlobals) = postSolution
		SolutionGuid = {8D98CF2E-0DEF-4239-9220-97776EA9C055}
	EndGlobalSection
EndGlobal
